
Microsoft Visual Studio Solution File, Format Version 12.00
# Visual Studio Version 17
VisualStudioVersion = 17.7.34221.43
MinimumVisualStudioVersion = 10.0.40219.1
Project("{FAE04EC0-301F-11D3-BF4B-00C04F79EFBC}") = "GenTechNepal.API", "GenTechNepal.API\GenTechNepal.API.csproj", "{07ECE31F-C79E-4000-BE34-22193BB6ECEA}"
EndProject
Project("{FAE04EC0-301F-11D3-BF4B-00C04F79EFBC}") = "GenTechNepal.Web", "GenTechNepal.Web\GenTechNepal.Web.csproj", "{A06FEDB9-D2D4-4489-973E-404A7C986C16}"
EndProject
Global
	GlobalSection(SolutionConfigurationPlatforms) = preSolution
		Debug|Any CPU = Debug|Any CPU
		Release|Any CPU = Release|Any CPU
	EndGlobalSection
	GlobalSection(ProjectConfigurationPlatforms) = postSolution
		{07ECE31F-C79E-4000-BE34-22193BB6ECEA}.Debug|Any CPU.ActiveCfg = Debug|Any CPU
		{07ECE31F-C79E-4000-BE34-22193BB6ECEA}.Debug|Any CPU.Build.0 = Debug|Any CPU
		{07ECE31F-C79E-4000-BE34-22193BB6ECEA}.Release|Any CPU.ActiveCfg = Release|Any CPU
		{07ECE31F-C79E-4000-BE34-22193BB6ECEA}.Release|Any CPU.Build.0 = Release|Any CPU
		{A06FEDB9-D2D4-4489-973E-404A7C986C16}.Debug|Any CPU.ActiveCfg = Debug|Any CPU
		{A06FEDB9-D2D4-4489-973E-404A7C986C16}.Debug|Any CPU.Build.0 = Debug|Any CPU
		{A06FEDB9-D2D4-4489-973E-404A7C986C16}.Release|Any CPU.ActiveCfg = Release|Any CPU
		{A06FEDB9-D2D4-4489-973E-404A7C986C16}.Release|Any CPU.Build.0 = Release|Any CPU
	EndGlobalSection
	GlobalSection(SolutionProperties) = preSolution
		HideSolutionNode = FALSE
	EndGlobalSection
	GlobalSection(ExtensibilityGlobals) = postSolution
		SolutionGuid = {8C6E2D0D-7E19-414C-8D8D-61877CAB04B2}
	EndGlobalSection
EndGlobal
